<?xml version="1.0" encoding="utf-8"?>
<Project ToolsVersion="4.0" xmlns="http://schemas.microsoft.com/developer/msbuild/2003">
  <ItemGroup>
    <ClCompile Include="DatasmithSDKSample.cpp" />
    <ClCompile Include="pch.cpp" />
    <ClCompile Include="ScenesManager.cpp" />
    <ClCompile Include="Scenes\Cloth.cpp">
      <Filter>Scenes</Filter>
    </ClCompile>
    <ClCompile Include="Scenes\DefaultScene.cpp">
      <Filter>Scenes</Filter>
    </ClCompile>
    <ClCompile Include="Scenes\StdMaterials.cpp">
      <Filter>Scenes</Filter>
    </ClCompile>
    <ClCompile Include="Scenes\ActorsProperties.cpp">
      <Filter>Scenes</Filter>
    </ClCompile>
    <ClCompile Include="Scenes\Lights.cpp">
      <Filter>Scenes</Filter>
    </ClCompile>
    <ClCompile Include="Scenes\Textures.cpp">
      <Filter>Scenes</Filter>
    </ClCompile>
    <ClCompile Include="Scenes\Meshes.cpp">
      <Filter>Scenes</Filter>
    </ClCompile>
  </ItemGroup>
  <ItemGroup>
    <ClInclude Include="MeshUtils.h" />
    <ClInclude Include="pch.h" />
    <ClInclude Include="ScenesManager.h" />
    <ClInclude Include="Scenes\shared.h">
      <Filter>Scenes</Filter>
    </ClInclude>
  </ItemGroup>
  <ItemGroup>
    <Filter Include="Scenes">
      <UniqueIdentifier>{e14b842e-81eb-4dc4-be76-6e4f07e70ef5}</UniqueIdentifier>
    </Filter>
  </ItemGroup>
</Project>