
Microsoft Visual Studio Solution File, Format Version 12.00
# Visual Studio Version 17
VisualStudioVersion = 17.1.32328.378
MinimumVisualStudioVersion = 10.0.40219.1
Project("{9A19103F-16F7-4668-BE54-9A1E7A4F7556}") = "OidcToken", "OidcToken.csproj", "{484E582C-BC00-4F4D-9F59-5FCA54838CE1}"
EndProject
Project("{9A19103F-16F7-4668-BE54-9A1E7A4F7556}") = "EpicGames.OIDC", "..\Shared\EpicGames.OIDC\EpicGames.OIDC.csproj", "{0294CA43-7BF9-4DD6-8697-685D8E0137ED}"
EndProject
Global
	GlobalSection(SolutionConfigurationPlatforms) = preSolution
		Debug|Any CPU = Debug|Any CPU
		Release|Any CPU = Release|Any CPU
	EndGlobalSection
	GlobalSection(ProjectConfigurationPlatforms) = postSolution
		{484E582C-BC00-4F4D-9F59-5FCA54838CE1}.Debug|Any CPU.ActiveCfg = Debug|Any CPU
		{484E582C-BC00-4F4D-9F59-5FCA54838CE1}.Debug|Any CPU.Build.0 = Debug|Any CPU
		{484E582C-BC00-4F4D-9F59-5FCA54838CE1}.Release|Any CPU.ActiveCfg = Release|Any CPU
		{484E582C-BC00-4F4D-9F59-5FCA54838CE1}.Release|Any CPU.Build.0 = Release|Any CPU
		{0294CA43-7BF9-4DD6-8697-685D8E0137ED}.Debug|Any CPU.ActiveCfg = Debug|Any CPU
		{0294CA43-7BF9-4DD6-8697-685D8E0137ED}.Debug|Any CPU.Build.0 = Debug|Any CPU
		{0294CA43-7BF9-4DD6-8697-685D8E0137ED}.Release|Any CPU.ActiveCfg = Release|Any CPU
		{0294CA43-7BF9-4DD6-8697-685D8E0137ED}.Release|Any CPU.Build.0 = Release|Any CPU
	EndGlobalSection
	GlobalSection(SolutionProperties) = preSolution
		HideSolutionNode = FALSE
	EndGlobalSection
	GlobalSection(ExtensibilityGlobals) = postSolution
		SolutionGuid = {D3D06080-6714-4080-AE84-AABA9D761A7C}
	EndGlobalSection
EndGlobal
