
Microsoft Visual Studio Solution File, Format Version 12.00
# Visual Studio Version 16
VisualStudioVersion = 16.0.32602.291
MinimumVisualStudioVersion = 10.0.40219.1
Project("{8BC9CEB8-8B4A-11D0-8D11-00A0C91BC942}") = "1_SceneTexturesD3D12", "D3D12\1_SceneTextures\SceneTexturesD3D12.vcxproj", "{16B13BB4-D82D-4AC1-8B40-C6BCCC99954B}"
EndProject
Project("{8BC9CEB8-8B4A-11D0-8D11-00A0C91BC942}") = "2_SceneOverrideD3D12", "D3D12\2_SceneOverride\SceneOverrideD3D12.vcxproj", "{B361F3B9-455A-4AA3-B168-18DD4182A96F}"
EndProject
Project("{8BC9CEB8-8B4A-11D0-8D11-00A0C91BC942}") = "3_AdoptSizeFormatD3D12", "D3D12\3_AdoptSizeFormat\AdoptSizeFormatD3D12.vcxproj", "{E26A2B34-AD8A-4D3A-8069-B8D246C6B3BB}"
EndProject
Project("{8BC9CEB8-8B4A-11D0-8D11-00A0C91BC942}") = "4_FrameMarkersD3D12", "D3D12\4_FrameMarkers\FrameMarkersD3D12.vcxproj", "{30D9AFD7-C7A0-49AA-B6E5-DEF5AC20BA86}"
EndProject
Project("{8BC9CEB8-8B4A-11D0-8D11-00A0C91BC942}") = "5_ViewDataD3D12", "D3D12\5_ViewData\ViewDataD3D12.vcxproj", "{70231EA0-C686-4A32-80FF-4ACC85F108D3}"
EndProject
Project("{8BC9CEB8-8B4A-11D0-8D11-00A0C91BC942}") = "6_BackbufferD3D12", "D3D12\6_Backbuffer\BackbufferD3D12.vcxproj", "{9BD89747-7731-443E-A032-23B405296B0A}"
EndProject
Project("{8BC9CEB8-8B4A-11D0-8D11-00A0C91BC942}") = "7_CopyToBackbufferD3D12", "D3D12\7_CopyToBackbuffer\CopyToBackbufferD3D12.vcxproj", "{855B9D0D-926D-4B73-A97E-93455E9FE4AD}"
EndProject
Project("{8BC9CEB8-8B4A-11D0-8D11-00A0C91BC942}") = "8_CustomDataD3D12", "D3D12\8_CustomData\CustomDataD3D12.vcxproj", "{DE208909-BB41-4184-A726-721708497159}"
EndProject
Project("{8BC9CEB8-8B4A-11D0-8D11-00A0C91BC942}") = "DC1_SceneTexturesD3D12", "D3D12\DC1_SceneTextures\DC_SceneTexturesD3D12.vcxproj", "{11FEA22C-6275-4B88-BC52-CF05042119FB}"
EndProject
Project("{8BC9CEB8-8B4A-11D0-8D11-00A0C91BC942}") = "DC2_BeforeWarpD3D12", "D3D12\DC2_BeforeWarp\DC_BeforeWarpD3D12.vcxproj", "{BBDC8508-F728-4CD4-B555-18D14E835699}"
EndProject
Project("{8BC9CEB8-8B4A-11D0-8D11-00A0C91BC942}") = "9_CustomTexturesD3D12", "D3D12\9_CustomTextures\CustomTexturesD3D12.vcxproj", "{4D4BA6B7-8BC3-4ADE-BA6F-2B2C6CCA3610}"
EndProject
Project("{8BC9CEB8-8B4A-11D0-8D11-00A0C91BC942}") = "DC3_AfterWarpD3D12", "D3D12\DC3_AfterWarp\DC_AfterWarpD3D12.vcxproj", "{2AB0803A-F85E-4CA1-8F04-11D56A1A15CB}"
EndProject
Project("{8BC9CEB8-8B4A-11D0-8D11-00A0C91BC942}") = "DC4_ManualProjectionD3D12", "D3D12\DC4_ManualProjection\DC_ManualProjectionD3D12.vcxproj", "{D09A4D31-9736-4507-B408-938DDA43BC69}"
EndProject
Project("{8BC9CEB8-8B4A-11D0-8D11-00A0C91BC942}") = "DC5_CopyToBackbufferD3D12", "D3D12\DC5_CopyToBackbuffer\DC_CopyToBackbufferD3D12.vcxproj", "{CA3DA33C-B5F0-4E95-9CB1-FF5DE196C8FF}"
EndProject
Project("{8BC9CEB8-8B4A-11D0-8D11-00A0C91BC942}") = "1_SceneTexturesD3D11", "D3D11\1_SceneTextures\SceneTexturesD3D11.vcxproj", "{774CBB7A-6FEA-44CD-B1D0-6E699D29E7E1}"
EndProject
Project("{8BC9CEB8-8B4A-11D0-8D11-00A0C91BC942}") = "2_SceneOverrideD3D11", "D3D11\2_SceneOverride\SceneOverrideD3D11.vcxproj", "{BE5F539C-CC7D-4C89-9472-2587672A1550}"
EndProject
Project("{8BC9CEB8-8B4A-11D0-8D11-00A0C91BC942}") = "3_AdoptSizeFormatD3D11", "D3D11\3_AdoptSizeFormat\AdoptSizeFormatD3D11.vcxproj", "{667D1B88-D25A-45F9-AF5A-5A2521556912}"
EndProject
Project("{8BC9CEB8-8B4A-11D0-8D11-00A0C91BC942}") = "4_FrameMarkersD3D11", "D3D11\4_FrameMarkers\FrameMarkersD3D11.vcxproj", "{AD7A7EEF-9FFC-47DA-AE1D-A9559907CDD7}"
EndProject
Project("{8BC9CEB8-8B4A-11D0-8D11-00A0C91BC942}") = "5_ViewDataD3D11", "D3D11\5_ViewData\ViewDataD3D11.vcxproj", "{7DE9038B-64DA-44D9-9EDA-0DA4E6538872}"
EndProject
Project("{8BC9CEB8-8B4A-11D0-8D11-00A0C91BC942}") = "6_BackbufferD3D11", "D3D11\6_Backbuffer\BackbufferD3D11.vcxproj", "{7126C8B5-8FA6-437B-B01B-7FB2466D5D0A}"
EndProject
Project("{8BC9CEB8-8B4A-11D0-8D11-00A0C91BC942}") = "7_CopyToBackbufferD3D11", "D3D11\7_CopyToBackbuffer\CopyToBackbufferD3D11.vcxproj", "{586F2A69-ED88-4AB2-80B6-FB5A21728D38}"
EndProject
Project("{8BC9CEB8-8B4A-11D0-8D11-00A0C91BC942}") = "8_CustomDataD3D11", "D3D11\8_CustomData\CustomDataD3D11.vcxproj", "{1CEA670B-72BD-4B91-AB94-54D76F5E27DC}"
EndProject
Project("{8BC9CEB8-8B4A-11D0-8D11-00A0C91BC942}") = "9_CustomTexturesD3D11", "D3D11\9_CustomTextures\CustomTexturesD3D11.vcxproj", "{5445263C-84B8-4AB3-A1AA-52EB37ACCD54}"
EndProject
Project("{8BC9CEB8-8B4A-11D0-8D11-00A0C91BC942}") = "DC1_SceneTexturesD3D11", "D3D11\DC1_SceneTextures\DC_SceneTexturesD3D11.vcxproj", "{4E4FBA5D-7788-4FE1-A4A8-6B21925CFF42}"
EndProject
Project("{8BC9CEB8-8B4A-11D0-8D11-00A0C91BC942}") = "DC2_BeforeWarpD3D11", "D3D11\DC2_BeforeWarp\DC_BeforeWarpD3D11.vcxproj", "{700C4AA1-7073-405C-854E-9E301EDF72BC}"
EndProject
Project("{8BC9CEB8-8B4A-11D0-8D11-00A0C91BC942}") = "DC3_AfterWarpD3D11", "D3D11\DC3_AfterWarp\DC_AfterWarpD3D11.vcxproj", "{4E584971-016F-428C-8BCB-3BB81B5D7C75}"
EndProject
Project("{8BC9CEB8-8B4A-11D0-8D11-00A0C91BC942}") = "DC4_ManualProjectionD3D11", "D3D11\DC4_ManualProjection\DC_ManualProjectionD3D11.vcxproj", "{4E5276C3-4CB9-43A9-A37A-5D74CC5728EE}"
EndProject
Project("{8BC9CEB8-8B4A-11D0-8D11-00A0C91BC942}") = "DC5_CopyToBackbufferD3D11", "D3D11\DC5_CopyToBackbuffer\DC_CopyToBackbufferD3D11.vcxproj", "{284F110B-44CB-4BB6-B163-CA8C7AF37C0D}"
EndProject
Project("{2150E333-8FDC-42A3-9474-1A3956D46DE8}") = "D3D11", "D3D11", "{6F1FF305-F17B-4EC9-B8F0-9DDAD24CDFDC}"
EndProject
Project("{2150E333-8FDC-42A3-9474-1A3956D46DE8}") = "D3D12", "D3D12", "{02543112-F3AC-4440-BCD7-6BB1D9E5B33D}"
EndProject
Global
	GlobalSection(SolutionConfigurationPlatforms) = preSolution
		Debug|x64 = Debug|x64
		Release|x64 = Release|x64
	EndGlobalSection
	GlobalSection(ProjectConfigurationPlatforms) = postSolution
		{16B13BB4-D82D-4AC1-8B40-C6BCCC99954B}.Debug|x64.ActiveCfg = Debug|x64
		{16B13BB4-D82D-4AC1-8B40-C6BCCC99954B}.Debug|x64.Build.0 = Debug|x64
		{16B13BB4-D82D-4AC1-8B40-C6BCCC99954B}.Release|x64.ActiveCfg = Release|x64
		{16B13BB4-D82D-4AC1-8B40-C6BCCC99954B}.Release|x64.Build.0 = Release|x64
		{B361F3B9-455A-4AA3-B168-18DD4182A96F}.Debug|x64.ActiveCfg = Debug|x64
		{B361F3B9-455A-4AA3-B168-18DD4182A96F}.Debug|x64.Build.0 = Debug|x64
		{B361F3B9-455A-4AA3-B168-18DD4182A96F}.Release|x64.ActiveCfg = Release|x64
		{B361F3B9-455A-4AA3-B168-18DD4182A96F}.Release|x64.Build.0 = Release|x64
		{E26A2B34-AD8A-4D3A-8069-B8D246C6B3BB}.Debug|x64.ActiveCfg = Debug|x64
		{E26A2B34-AD8A-4D3A-8069-B8D246C6B3BB}.Debug|x64.Build.0 = Debug|x64
		{E26A2B34-AD8A-4D3A-8069-B8D246C6B3BB}.Release|x64.ActiveCfg = Release|x64
		{E26A2B34-AD8A-4D3A-8069-B8D246C6B3BB}.Release|x64.Build.0 = Release|x64
		{30D9AFD7-C7A0-49AA-B6E5-DEF5AC20BA86}.Debug|x64.ActiveCfg = Debug|x64
		{30D9AFD7-C7A0-49AA-B6E5-DEF5AC20BA86}.Debug|x64.Build.0 = Debug|x64
		{30D9AFD7-C7A0-49AA-B6E5-DEF5AC20BA86}.Release|x64.ActiveCfg = Release|x64
		{30D9AFD7-C7A0-49AA-B6E5-DEF5AC20BA86}.Release|x64.Build.0 = Release|x64
		{70231EA0-C686-4A32-80FF-4ACC85F108D3}.Debug|x64.ActiveCfg = Debug|x64
		{70231EA0-C686-4A32-80FF-4ACC85F108D3}.Debug|x64.Build.0 = Debug|x64
		{70231EA0-C686-4A32-80FF-4ACC85F108D3}.Release|x64.ActiveCfg = Release|x64
		{70231EA0-C686-4A32-80FF-4ACC85F108D3}.Release|x64.Build.0 = Release|x64
		{9BD89747-7731-443E-A032-23B405296B0A}.Debug|x64.ActiveCfg = Debug|x64
		{9BD89747-7731-443E-A032-23B405296B0A}.Debug|x64.Build.0 = Debug|x64
		{9BD89747-7731-443E-A032-23B405296B0A}.Release|x64.ActiveCfg = Release|x64
		{9BD89747-7731-443E-A032-23B405296B0A}.Release|x64.Build.0 = Release|x64
		{855B9D0D-926D-4B73-A97E-93455E9FE4AD}.Debug|x64.ActiveCfg = Debug|x64
		{855B9D0D-926D-4B73-A97E-93455E9FE4AD}.Debug|x64.Build.0 = Debug|x64
		{855B9D0D-926D-4B73-A97E-93455E9FE4AD}.Release|x64.ActiveCfg = Release|x64
		{855B9D0D-926D-4B73-A97E-93455E9FE4AD}.Release|x64.Build.0 = Release|x64
		{DE208909-BB41-4184-A726-721708497159}.Debug|x64.ActiveCfg = Debug|x64
		{DE208909-BB41-4184-A726-721708497159}.Debug|x64.Build.0 = Debug|x64
		{DE208909-BB41-4184-A726-721708497159}.Release|x64.ActiveCfg = Release|x64
		{DE208909-BB41-4184-A726-721708497159}.Release|x64.Build.0 = Release|x64
		{11FEA22C-6275-4B88-BC52-CF05042119FB}.Debug|x64.ActiveCfg = Debug|x64
		{11FEA22C-6275-4B88-BC52-CF05042119FB}.Debug|x64.Build.0 = Debug|x64
		{11FEA22C-6275-4B88-BC52-CF05042119FB}.Release|x64.ActiveCfg = Release|x64
		{11FEA22C-6275-4B88-BC52-CF05042119FB}.Release|x64.Build.0 = Release|x64
		{BBDC8508-F728-4CD4-B555-18D14E835699}.Debug|x64.ActiveCfg = Debug|x64
		{BBDC8508-F728-4CD4-B555-18D14E835699}.Debug|x64.Build.0 = Debug|x64
		{BBDC8508-F728-4CD4-B555-18D14E835699}.Release|x64.ActiveCfg = Release|x64
		{BBDC8508-F728-4CD4-B555-18D14E835699}.Release|x64.Build.0 = Release|x64
		{4D4BA6B7-8BC3-4ADE-BA6F-2B2C6CCA3610}.Debug|x64.ActiveCfg = Debug|x64
		{4D4BA6B7-8BC3-4ADE-BA6F-2B2C6CCA3610}.Debug|x64.Build.0 = Debug|x64
		{4D4BA6B7-8BC3-4ADE-BA6F-2B2C6CCA3610}.Release|x64.ActiveCfg = Release|x64
		{4D4BA6B7-8BC3-4ADE-BA6F-2B2C6CCA3610}.Release|x64.Build.0 = Release|x64
		{2AB0803A-F85E-4CA1-8F04-11D56A1A15CB}.Debug|x64.ActiveCfg = Debug|x64
		{2AB0803A-F85E-4CA1-8F04-11D56A1A15CB}.Debug|x64.Build.0 = Debug|x64
		{2AB0803A-F85E-4CA1-8F04-11D56A1A15CB}.Release|x64.ActiveCfg = Release|x64
		{2AB0803A-F85E-4CA1-8F04-11D56A1A15CB}.Release|x64.Build.0 = Release|x64
		{D09A4D31-9736-4507-B408-938DDA43BC69}.Debug|x64.ActiveCfg = Debug|x64
		{D09A4D31-9736-4507-B408-938DDA43BC69}.Debug|x64.Build.0 = Debug|x64
		{D09A4D31-9736-4507-B408-938DDA43BC69}.Release|x64.ActiveCfg = Release|x64
		{D09A4D31-9736-4507-B408-938DDA43BC69}.Release|x64.Build.0 = Release|x64
		{CA3DA33C-B5F0-4E95-9CB1-FF5DE196C8FF}.Debug|x64.ActiveCfg = Debug|x64
		{CA3DA33C-B5F0-4E95-9CB1-FF5DE196C8FF}.Debug|x64.Build.0 = Debug|x64
		{CA3DA33C-B5F0-4E95-9CB1-FF5DE196C8FF}.Release|x64.ActiveCfg = Release|x64
		{CA3DA33C-B5F0-4E95-9CB1-FF5DE196C8FF}.Release|x64.Build.0 = Release|x64
		{774CBB7A-6FEA-44CD-B1D0-6E699D29E7E1}.Debug|x64.ActiveCfg = Debug|x64
		{774CBB7A-6FEA-44CD-B1D0-6E699D29E7E1}.Debug|x64.Build.0 = Debug|x64
		{774CBB7A-6FEA-44CD-B1D0-6E699D29E7E1}.Release|x64.ActiveCfg = Release|x64
		{774CBB7A-6FEA-44CD-B1D0-6E699D29E7E1}.Release|x64.Build.0 = Release|x64
		{BE5F539C-CC7D-4C89-9472-2587672A1550}.Debug|x64.ActiveCfg = Debug|x64
		{BE5F539C-CC7D-4C89-9472-2587672A1550}.Debug|x64.Build.0 = Debug|x64
		{BE5F539C-CC7D-4C89-9472-2587672A1550}.Release|x64.ActiveCfg = Release|x64
		{BE5F539C-CC7D-4C89-9472-2587672A1550}.Release|x64.Build.0 = Release|x64
		{667D1B88-D25A-45F9-AF5A-5A2521556912}.Debug|x64.ActiveCfg = Debug|x64
		{667D1B88-D25A-45F9-AF5A-5A2521556912}.Debug|x64.Build.0 = Debug|x64
		{667D1B88-D25A-45F9-AF5A-5A2521556912}.Release|x64.ActiveCfg = Release|x64
		{667D1B88-D25A-45F9-AF5A-5A2521556912}.Release|x64.Build.0 = Release|x64
		{AD7A7EEF-9FFC-47DA-AE1D-A9559907CDD7}.Debug|x64.ActiveCfg = Debug|x64
		{AD7A7EEF-9FFC-47DA-AE1D-A9559907CDD7}.Debug|x64.Build.0 = Debug|x64
		{AD7A7EEF-9FFC-47DA-AE1D-A9559907CDD7}.Release|x64.ActiveCfg = Release|x64
		{AD7A7EEF-9FFC-47DA-AE1D-A9559907CDD7}.Release|x64.Build.0 = Release|x64
		{7DE9038B-64DA-44D9-9EDA-0DA4E6538872}.Debug|x64.ActiveCfg = Debug|x64
		{7DE9038B-64DA-44D9-9EDA-0DA4E6538872}.Debug|x64.Build.0 = Debug|x64
		{7DE9038B-64DA-44D9-9EDA-0DA4E6538872}.Release|x64.ActiveCfg = Release|x64
		{7DE9038B-64DA-44D9-9EDA-0DA4E6538872}.Release|x64.Build.0 = Release|x64
		{7126C8B5-8FA6-437B-B01B-7FB2466D5D0A}.Debug|x64.ActiveCfg = Debug|x64
		{7126C8B5-8FA6-437B-B01B-7FB2466D5D0A}.Debug|x64.Build.0 = Debug|x64
		{7126C8B5-8FA6-437B-B01B-7FB2466D5D0A}.Release|x64.ActiveCfg = Release|x64
		{7126C8B5-8FA6-437B-B01B-7FB2466D5D0A}.Release|x64.Build.0 = Release|x64
		{586F2A69-ED88-4AB2-80B6-FB5A21728D38}.Debug|x64.ActiveCfg = Debug|x64
		{586F2A69-ED88-4AB2-80B6-FB5A21728D38}.Debug|x64.Build.0 = Debug|x64
		{586F2A69-ED88-4AB2-80B6-FB5A21728D38}.Release|x64.ActiveCfg = Release|x64
		{586F2A69-ED88-4AB2-80B6-FB5A21728D38}.Release|x64.Build.0 = Release|x64
		{1CEA670B-72BD-4B91-AB94-54D76F5E27DC}.Debug|x64.ActiveCfg = Debug|x64
		{1CEA670B-72BD-4B91-AB94-54D76F5E27DC}.Debug|x64.Build.0 = Debug|x64
		{1CEA670B-72BD-4B91-AB94-54D76F5E27DC}.Release|x64.ActiveCfg = Release|x64
		{1CEA670B-72BD-4B91-AB94-54D76F5E27DC}.Release|x64.Build.0 = Release|x64
		{5445263C-84B8-4AB3-A1AA-52EB37ACCD54}.Debug|x64.ActiveCfg = Debug|x64
		{5445263C-84B8-4AB3-A1AA-52EB37ACCD54}.Debug|x64.Build.0 = Debug|x64
		{5445263C-84B8-4AB3-A1AA-52EB37ACCD54}.Release|x64.ActiveCfg = Release|x64
		{5445263C-84B8-4AB3-A1AA-52EB37ACCD54}.Release|x64.Build.0 = Release|x64
		{4E4FBA5D-7788-4FE1-A4A8-6B21925CFF42}.Debug|x64.ActiveCfg = Debug|x64
		{4E4FBA5D-7788-4FE1-A4A8-6B21925CFF42}.Debug|x64.Build.0 = Debug|x64
		{4E4FBA5D-7788-4FE1-A4A8-6B21925CFF42}.Release|x64.ActiveCfg = Release|x64
		{4E4FBA5D-7788-4FE1-A4A8-6B21925CFF42}.Release|x64.Build.0 = Release|x64
		{700C4AA1-7073-405C-854E-9E301EDF72BC}.Debug|x64.ActiveCfg = Debug|x64
		{700C4AA1-7073-405C-854E-9E301EDF72BC}.Debug|x64.Build.0 = Debug|x64
		{700C4AA1-7073-405C-854E-9E301EDF72BC}.Release|x64.ActiveCfg = Release|x64
		{700C4AA1-7073-405C-854E-9E301EDF72BC}.Release|x64.Build.0 = Release|x64
		{4E584971-016F-428C-8BCB-3BB81B5D7C75}.Debug|x64.ActiveCfg = Debug|x64
		{4E584971-016F-428C-8BCB-3BB81B5D7C75}.Debug|x64.Build.0 = Debug|x64
		{4E584971-016F-428C-8BCB-3BB81B5D7C75}.Release|x64.ActiveCfg = Release|x64
		{4E584971-016F-428C-8BCB-3BB81B5D7C75}.Release|x64.Build.0 = Release|x64
		{4E5276C3-4CB9-43A9-A37A-5D74CC5728EE}.Debug|x64.ActiveCfg = Debug|x64
		{4E5276C3-4CB9-43A9-A37A-5D74CC5728EE}.Debug|x64.Build.0 = Debug|x64
		{4E5276C3-4CB9-43A9-A37A-5D74CC5728EE}.Release|x64.ActiveCfg = Release|x64
		{4E5276C3-4CB9-43A9-A37A-5D74CC5728EE}.Release|x64.Build.0 = Release|x64
		{284F110B-44CB-4BB6-B163-CA8C7AF37C0D}.Debug|x64.ActiveCfg = Debug|x64
		{284F110B-44CB-4BB6-B163-CA8C7AF37C0D}.Debug|x64.Build.0 = Debug|x64
		{284F110B-44CB-4BB6-B163-CA8C7AF37C0D}.Release|x64.ActiveCfg = Release|x64
		{284F110B-44CB-4BB6-B163-CA8C7AF37C0D}.Release|x64.Build.0 = Release|x64
	EndGlobalSection
	GlobalSection(SolutionProperties) = preSolution
		HideSolutionNode = FALSE
	EndGlobalSection
	GlobalSection(NestedProjects) = preSolution
		{16B13BB4-D82D-4AC1-8B40-C6BCCC99954B} = {02543112-F3AC-4440-BCD7-6BB1D9E5B33D}
		{B361F3B9-455A-4AA3-B168-18DD4182A96F} = {02543112-F3AC-4440-BCD7-6BB1D9E5B33D}
		{E26A2B34-AD8A-4D3A-8069-B8D246C6B3BB} = {02543112-F3AC-4440-BCD7-6BB1D9E5B33D}
		{30D9AFD7-C7A0-49AA-B6E5-DEF5AC20BA86} = {02543112-F3AC-4440-BCD7-6BB1D9E5B33D}
		{70231EA0-C686-4A32-80FF-4ACC85F108D3} = {02543112-F3AC-4440-BCD7-6BB1D9E5B33D}
		{9BD89747-7731-443E-A032-23B405296B0A} = {02543112-F3AC-4440-BCD7-6BB1D9E5B33D}
		{855B9D0D-926D-4B73-A97E-93455E9FE4AD} = {02543112-F3AC-4440-BCD7-6BB1D9E5B33D}
		{DE208909-BB41-4184-A726-721708497159} = {02543112-F3AC-4440-BCD7-6BB1D9E5B33D}
		{11FEA22C-6275-4B88-BC52-CF05042119FB} = {02543112-F3AC-4440-BCD7-6BB1D9E5B33D}
		{BBDC8508-F728-4CD4-B555-18D14E835699} = {02543112-F3AC-4440-BCD7-6BB1D9E5B33D}
		{4D4BA6B7-8BC3-4ADE-BA6F-2B2C6CCA3610} = {02543112-F3AC-4440-BCD7-6BB1D9E5B33D}
		{2AB0803A-F85E-4CA1-8F04-11D56A1A15CB} = {02543112-F3AC-4440-BCD7-6BB1D9E5B33D}
		{D09A4D31-9736-4507-B408-938DDA43BC69} = {02543112-F3AC-4440-BCD7-6BB1D9E5B33D}
		{CA3DA33C-B5F0-4E95-9CB1-FF5DE196C8FF} = {02543112-F3AC-4440-BCD7-6BB1D9E5B33D}
		{774CBB7A-6FEA-44CD-B1D0-6E699D29E7E1} = {6F1FF305-F17B-4EC9-B8F0-9DDAD24CDFDC}
		{BE5F539C-CC7D-4C89-9472-2587672A1550} = {6F1FF305-F17B-4EC9-B8F0-9DDAD24CDFDC}
		{667D1B88-D25A-45F9-AF5A-5A2521556912} = {6F1FF305-F17B-4EC9-B8F0-9DDAD24CDFDC}
		{AD7A7EEF-9FFC-47DA-AE1D-A9559907CDD7} = {6F1FF305-F17B-4EC9-B8F0-9DDAD24CDFDC}
		{7DE9038B-64DA-44D9-9EDA-0DA4E6538872} = {6F1FF305-F17B-4EC9-B8F0-9DDAD24CDFDC}
		{7126C8B5-8FA6-437B-B01B-7FB2466D5D0A} = {6F1FF305-F17B-4EC9-B8F0-9DDAD24CDFDC}
		{586F2A69-ED88-4AB2-80B6-FB5A21728D38} = {6F1FF305-F17B-4EC9-B8F0-9DDAD24CDFDC}
		{1CEA670B-72BD-4B91-AB94-54D76F5E27DC} = {6F1FF305-F17B-4EC9-B8F0-9DDAD24CDFDC}
		{5445263C-84B8-4AB3-A1AA-52EB37ACCD54} = {6F1FF305-F17B-4EC9-B8F0-9DDAD24CDFDC}
		{4E4FBA5D-7788-4FE1-A4A8-6B21925CFF42} = {6F1FF305-F17B-4EC9-B8F0-9DDAD24CDFDC}
		{700C4AA1-7073-405C-854E-9E301EDF72BC} = {6F1FF305-F17B-4EC9-B8F0-9DDAD24CDFDC}
		{4E584971-016F-428C-8BCB-3BB81B5D7C75} = {6F1FF305-F17B-4EC9-B8F0-9DDAD24CDFDC}
		{4E5276C3-4CB9-43A9-A37A-5D74CC5728EE} = {6F1FF305-F17B-4EC9-B8F0-9DDAD24CDFDC}
		{284F110B-44CB-4BB6-B163-CA8C7AF37C0D} = {6F1FF305-F17B-4EC9-B8F0-9DDAD24CDFDC}
	EndGlobalSection
	GlobalSection(ExtensibilityGlobals) = postSolution
		SolutionGuid = {30A68165-6AA3-4A7E-885E-BFF5EF8088FD}
	EndGlobalSection
EndGlobal
