
Microsoft Visual Studio Solution File, Format Version 12.00
# Visual Studio Version 16
VisualStudioVersion = 16.0.31205.134
MinimumVisualStudioVersion = 10.0.40219.1
Project("{FAE04EC0-301F-11D3-BF4B-00C04F79EFBC}") = "IPhonePackager", "IPhonePackager.csproj", "{DAEDEC3D-6FE8-4A24-92BF-FA08BB892E49}"
EndProject
Global
	GlobalSection(SolutionConfigurationPlatforms) = preSolution
		Debug|Any CPU = Debug|Any CPU
		Debug|Mixed Platforms = Debug|Mixed Platforms
		Debug|x64 = Debug|x64
		Debug|x86 = Debug|x86
		Release|Any CPU = Release|Any CPU
		Release|Mixed Platforms = Release|Mixed Platforms
		Release|x64 = Release|x64
		Release|x86 = Release|x86
	EndGlobalSection
	GlobalSection(ProjectConfigurationPlatforms) = postSolution
		{DAEDEC3D-6FE8-4A24-92BF-FA08BB892E49}.Debug|Any CPU.ActiveCfg = Debug|Any CPU
		{DAEDEC3D-6FE8-4A24-92BF-FA08BB892E49}.Debug|Any CPU.Build.0 = Debug|Any CPU
		{DAEDEC3D-6FE8-4A24-92BF-FA08BB892E49}.Debug|Mixed Platforms.ActiveCfg = Debug|Any CPU
		{DAEDEC3D-6FE8-4A24-92BF-FA08BB892E49}.Debug|Mixed Platforms.Build.0 = Debug|Any CPU
		{DAEDEC3D-6FE8-4A24-92BF-FA08BB892E49}.Debug|x64.ActiveCfg = Debug|x64
		{DAEDEC3D-6FE8-4A24-92BF-FA08BB892E49}.Debug|x86.ActiveCfg = Debug|Any CPU
		{DAEDEC3D-6FE8-4A24-92BF-FA08BB892E49}.Release|Any CPU.ActiveCfg = Development|Any CPU
		{DAEDEC3D-6FE8-4A24-92BF-FA08BB892E49}.Release|Any CPU.Build.0 = Development|Any CPU
		{DAEDEC3D-6FE8-4A24-92BF-FA08BB892E49}.Release|Mixed Platforms.ActiveCfg = Development|Any CPU
		{DAEDEC3D-6FE8-4A24-92BF-FA08BB892E49}.Release|Mixed Platforms.Build.0 = Development|Any CPU
		{DAEDEC3D-6FE8-4A24-92BF-FA08BB892E49}.Release|x64.ActiveCfg = Development|x64
		{DAEDEC3D-6FE8-4A24-92BF-FA08BB892E49}.Release|x64.Build.0 = Development|x64
		{DAEDEC3D-6FE8-4A24-92BF-FA08BB892E49}.Release|x86.ActiveCfg = Development|Any CPU
		{DAEDEC3D-6FE8-4A24-92BF-FA08BB892E49}.Release|x86.Build.0 = Development|Any CPU
		{A5CA2153-90B2-42E4-9547-341C28A7726A}.Debug|Any CPU.ActiveCfg = Debug|Any CPU
		{A5CA2153-90B2-42E4-9547-341C28A7726A}.Debug|Any CPU.Build.0 = Debug|Any CPU
		{A5CA2153-90B2-42E4-9547-341C28A7726A}.Debug|Mixed Platforms.ActiveCfg = Debug|Any CPU
		{A5CA2153-90B2-42E4-9547-341C28A7726A}.Debug|Mixed Platforms.Build.0 = Debug|Any CPU
		{A5CA2153-90B2-42E4-9547-341C28A7726A}.Debug|x64.ActiveCfg = Debug|x64
		{A5CA2153-90B2-42E4-9547-341C28A7726A}.Debug|x86.ActiveCfg = Debug|Any CPU
		{A5CA2153-90B2-42E4-9547-341C28A7726A}.Release|Any CPU.ActiveCfg = Development|Any CPU
		{A5CA2153-90B2-42E4-9547-341C28A7726A}.Release|Any CPU.Build.0 = Development|Any CPU
		{A5CA2153-90B2-42E4-9547-341C28A7726A}.Release|Mixed Platforms.ActiveCfg = Development|Any CPU
		{A5CA2153-90B2-42E4-9547-341C28A7726A}.Release|Mixed Platforms.Build.0 = Development|Any CPU
		{A5CA2153-90B2-42E4-9547-341C28A7726A}.Release|x64.ActiveCfg = Development|x64
		{A5CA2153-90B2-42E4-9547-341C28A7726A}.Release|x64.Build.0 = Development|x64
		{A5CA2153-90B2-42E4-9547-341C28A7726A}.Release|x86.ActiveCfg = Development|Any CPU
		{A5CA2153-90B2-42E4-9547-341C28A7726A}.Release|x86.Build.0 = Development|Any CPU
	EndGlobalSection
	GlobalSection(SolutionProperties) = preSolution
		HideSolutionNode = FALSE
	EndGlobalSection
	GlobalSection(ExtensibilityGlobals) = postSolution
		SolutionGuid = {5C250ABF-9E7C-4652-951A-E0EAD66D8FA8}
	EndGlobalSection
EndGlobal
