
Microsoft Visual Studio Solution File, Format Version 12.00
# Visual Studio Version 16
VisualStudioVersion = 16.0.31205.134
MinimumVisualStudioVersion = 10.0.40219.1
Project("{9A19103F-16F7-4668-BE54-9A1E7A4F7556}") = "UnsyncUI", "UnsyncUI\UnsyncUI.csproj", "{6771F6A4-7CA2-4D06-AC0B-859778A49F56}"
EndProject
Global
	GlobalSection(SolutionConfigurationPlatforms) = preSolution
		Debug|Any CPU = Debug|Any CPU
		Release|Any CPU = Release|Any CPU
	EndGlobalSection
	GlobalSection(ProjectConfigurationPlatforms) = postSolution
		{6771F6A4-7CA2-4D06-AC0B-859778A49F56}.Debug|Any CPU.ActiveCfg = Debug|Any CPU
		{6771F6A4-7CA2-4D06-AC0B-859778A49F56}.Debug|Any CPU.Build.0 = Debug|Any CPU
		{6771F6A4-7CA2-4D06-AC0B-859778A49F56}.Release|Any CPU.ActiveCfg = Release|Any CPU
		{6771F6A4-7CA2-4D06-AC0B-859778A49F56}.Release|Any CPU.Build.0 = Release|Any CPU
	EndGlobalSection
	GlobalSection(SolutionProperties) = preSolution
		HideSolutionNode = FALSE
	EndGlobalSection
	GlobalSection(ExtensibilityGlobals) = postSolution
		SolutionGuid = {16F87854-337A-4D4A-A513-33AD9CAE3B82}
	EndGlobalSection
EndGlobal
