
Microsoft Visual Studio Solution File, Format Version 12.00
# Visual Studio Version 17
VisualStudioVersion = 17.3.32811.315
MinimumVisualStudioVersion = 10.0.40219.1
Project("{9A19103F-16F7-4668-BE54-9A1E7A4F7556}") = "EpicGames.Build", "..\..\Shared\EpicGames.Build\EpicGames.Build.csproj", "{5D7D66E8-8C76-4AF9-B3EC-2EF03421D730}"
EndProject
Project("{9A19103F-16F7-4668-BE54-9A1E7A4F7556}") = "UnrealBuildTool", "..\..\UnrealBuildTool\UnrealBuildTool.csproj", "{FD7C5E1A-CFE4-4FD5-A525-1EB1599A39AC}"
EndProject
Project("{9A19103F-16F7-4668-BE54-9A1E7A4F7556}") = "CompileTimeAnalyzer", "CompileTimeAnalyzer\CompileTimeAnalyzer.csproj", "{E35C427D-DD57-4B94-8BA7-A22650EB7D9F}"
EndProject
Global
	GlobalSection(SolutionConfigurationPlatforms) = preSolution
		Debug|Any CPU = Debug|Any CPU
		Development|Any CPU = Development|Any CPU
		Release|Any CPU = Release|Any CPU
	EndGlobalSection
	GlobalSection(ProjectConfigurationPlatforms) = postSolution
		{5D7D66E8-8C76-4AF9-B3EC-2EF03421D730}.Debug|Any CPU.ActiveCfg = Debug|Any CPU
		{5D7D66E8-8C76-4AF9-B3EC-2EF03421D730}.Debug|Any CPU.Build.0 = Debug|Any CPU
		{5D7D66E8-8C76-4AF9-B3EC-2EF03421D730}.Development|Any CPU.ActiveCfg = Development|Any CPU
		{5D7D66E8-8C76-4AF9-B3EC-2EF03421D730}.Development|Any CPU.Build.0 = Development|Any CPU
		{5D7D66E8-8C76-4AF9-B3EC-2EF03421D730}.Release|Any CPU.ActiveCfg = Release|Any CPU
		{5D7D66E8-8C76-4AF9-B3EC-2EF03421D730}.Release|Any CPU.Build.0 = Release|Any CPU
		{FD7C5E1A-CFE4-4FD5-A525-1EB1599A39AC}.Debug|Any CPU.ActiveCfg = Debug|Any CPU
		{FD7C5E1A-CFE4-4FD5-A525-1EB1599A39AC}.Debug|Any CPU.Build.0 = Debug|Any CPU
		{FD7C5E1A-CFE4-4FD5-A525-1EB1599A39AC}.Development|Any CPU.ActiveCfg = Development|Any CPU
		{FD7C5E1A-CFE4-4FD5-A525-1EB1599A39AC}.Development|Any CPU.Build.0 = Development|Any CPU
		{FD7C5E1A-CFE4-4FD5-A525-1EB1599A39AC}.Release|Any CPU.ActiveCfg = Debug|Any CPU
		{FD7C5E1A-CFE4-4FD5-A525-1EB1599A39AC}.Release|Any CPU.Build.0 = Debug|Any CPU
		{E35C427D-DD57-4B94-8BA7-A22650EB7D9F}.Debug|Any CPU.ActiveCfg = Debug|Any CPU
		{E35C427D-DD57-4B94-8BA7-A22650EB7D9F}.Debug|Any CPU.Build.0 = Debug|Any CPU
		{E35C427D-DD57-4B94-8BA7-A22650EB7D9F}.Development|Any CPU.ActiveCfg = Release|Any CPU
		{E35C427D-DD57-4B94-8BA7-A22650EB7D9F}.Development|Any CPU.Build.0 = Release|Any CPU
		{E35C427D-DD57-4B94-8BA7-A22650EB7D9F}.Release|Any CPU.ActiveCfg = Release|Any CPU
		{E35C427D-DD57-4B94-8BA7-A22650EB7D9F}.Release|Any CPU.Build.0 = Release|Any CPU
	EndGlobalSection
	GlobalSection(SolutionProperties) = preSolution
		HideSolutionNode = FALSE
	EndGlobalSection
	GlobalSection(ExtensibilityGlobals) = postSolution
		SolutionGuid = {8C425CBD-93C5-43AA-BC03-AD2F9CBA5DE9}
	EndGlobalSection
EndGlobal
