
Microsoft Visual Studio Solution File, Format Version 12.00
# Visual Studio Version 17
VisualStudioVersion = 17.0.31919.166
MinimumVisualStudioVersion = 15.0.26124.0
Project("{9A19103F-16F7-4668-BE54-9A1E7A4F7556}") = "UnrealGameSync", "UnrealGameSync\UnrealGameSync.csproj", "{3E369569-F91E-46E1-B66F-2EE7B2312C85}"
EndProject
Project("{2150E333-8FDC-42A3-9474-1A3956D46DE8}") = "Solution Items", "Solution Items", "{E73636DC-4EAE-45E2-B87F-60CA96C72275}"
	ProjectSection(SolutionItems) = preProject
		Deployment.txt = Deployment.txt
	EndProjectSection
EndProject
Project("{9A19103F-16F7-4668-BE54-9A1E7A4F7556}") = "UnrealGameSyncAutomation", "UnrealGameSyncAutomation\UnrealGameSyncAutomation.csproj", "{7C9D0A33-C2A8-4415-B9ED-9F40337DBEC6}"
EndProject
Project("{2150E333-8FDC-42A3-9474-1A3956D46DE8}") = "Shared", "Shared", "{86C488DC-E003-4A1E-919E-A04960D03479}"
EndProject
Project("{FAE04EC0-301F-11D3-BF4B-00C04F79EFBC}") = "PostBadgeStatus", "PostBadgeStatus\PostBadgeStatus.csproj", "{DCBE3437-5DBF-41B4-B854-967BC0C93C48}"
EndProject
Project("{8BC9CEB8-8B4A-11D0-8D11-00A0C91BC942}") = "Installer", "Installer\Installer.vcxproj", "{4452DA05-A606-4865-BC9D-D46816851B7D}"
EndProject
Project("{9A19103F-16F7-4668-BE54-9A1E7A4F7556}") = "UnrealGameSyncShared", "UnrealGameSyncShared\UnrealGameSyncShared.csproj", "{0E3EF7EB-7F7C-48C2-A507-C979A3C08CCC}"
EndProject
Project("{9A19103F-16F7-4668-BE54-9A1E7A4F7556}") = "UnrealGameSyncCmd", "UnrealGameSyncCmd\UnrealGameSyncCmd.csproj", "{4B2892B3-DF25-49BD-9EC5-81FF50BB6D00}"
EndProject
Project("{9A19103F-16F7-4668-BE54-9A1E7A4F7556}") = "EpicGames.Core", "..\Shared\EpicGames.Core\EpicGames.Core.csproj", "{46855AD5-3E47-4A14-85BD-E27A39A5ACC1}"
EndProject
Project("{9A19103F-16F7-4668-BE54-9A1E7A4F7556}") = "EpicGames.Perforce", "..\Shared\EpicGames.Perforce\EpicGames.Perforce.csproj", "{6B4B9788-F7EF-4A86-95C5-10539796DB57}"
EndProject
Project("{9A19103F-16F7-4668-BE54-9A1E7A4F7556}") = "EpicGames.OIDC", "..\Shared\EpicGames.OIDC\EpicGames.OIDC.csproj", "{A410F220-5F02-418D-B47F-CB82AE4CC058}"
EndProject
Project("{9A19103F-16F7-4668-BE54-9A1E7A4F7556}") = "EpicGames.Horde", "..\Shared\EpicGames.Horde\EpicGames.Horde.csproj", "{AFD1642C-7440-4163-AE82-C4371D340516}"
EndProject
Project("{9A19103F-16F7-4668-BE54-9A1E7A4F7556}") = "EpicGames.Serialization", "..\Shared\EpicGames.Serialization\EpicGames.Serialization.csproj", "{6BA98FF6-4EEC-4208-B338-AC026ADFDB6C}"
EndProject
Project("{9A19103F-16F7-4668-BE54-9A1E7A4F7556}") = "EpicGames.IoHash", "..\Shared\EpicGames.IoHash\EpicGames.IoHash.csproj", "{3FFDE25F-2A92-4F1E-AE23-1033AC12C695}"
EndProject
Project("{9A19103F-16F7-4668-BE54-9A1E7A4F7556}") = "EpicGames.Oodle", "..\Shared\EpicGames.Oodle\EpicGames.Oodle.csproj", "{6D3D0EA4-AD63-43D9-B3A2-0A9584829901}"
EndProject
Global
	GlobalSection(SolutionConfigurationPlatforms) = preSolution
		Analyze|Any CPU = Analyze|Any CPU
		Analyze|x64 = Analyze|x64
		Debug|Any CPU = Debug|Any CPU
		Debug|x64 = Debug|x64
		DebugAutoUpdate|Any CPU = DebugAutoUpdate|Any CPU
		DebugAutoUpdate|x64 = DebugAutoUpdate|x64
		Development|Any CPU = Development|Any CPU
		Development|x64 = Development|x64
		Release|Any CPU = Release|Any CPU
		Release|x64 = Release|x64
		ReleaseAutoUpdate|Any CPU = ReleaseAutoUpdate|Any CPU
		ReleaseAutoUpdate|x64 = ReleaseAutoUpdate|x64
	EndGlobalSection
	GlobalSection(ProjectConfigurationPlatforms) = postSolution
		{3E369569-F91E-46E1-B66F-2EE7B2312C85}.Analyze|Any CPU.ActiveCfg = Analyze|Any CPU
		{3E369569-F91E-46E1-B66F-2EE7B2312C85}.Analyze|Any CPU.Build.0 = Analyze|Any CPU
		{3E369569-F91E-46E1-B66F-2EE7B2312C85}.Analyze|x64.ActiveCfg = Release|Any CPU
		{3E369569-F91E-46E1-B66F-2EE7B2312C85}.Analyze|x64.Build.0 = Release|Any CPU
		{3E369569-F91E-46E1-B66F-2EE7B2312C85}.Debug|Any CPU.ActiveCfg = Debug|Any CPU
		{3E369569-F91E-46E1-B66F-2EE7B2312C85}.Debug|Any CPU.Build.0 = Debug|Any CPU
		{3E369569-F91E-46E1-B66F-2EE7B2312C85}.Debug|x64.ActiveCfg = Debug|Any CPU
		{3E369569-F91E-46E1-B66F-2EE7B2312C85}.Debug|x64.Build.0 = Debug|Any CPU
		{3E369569-F91E-46E1-B66F-2EE7B2312C85}.DebugAutoUpdate|Any CPU.ActiveCfg = DebugAutoUpdate|Any CPU
		{3E369569-F91E-46E1-B66F-2EE7B2312C85}.DebugAutoUpdate|Any CPU.Build.0 = DebugAutoUpdate|Any CPU
		{3E369569-F91E-46E1-B66F-2EE7B2312C85}.DebugAutoUpdate|x64.ActiveCfg = Debug|Any CPU
		{3E369569-F91E-46E1-B66F-2EE7B2312C85}.DebugAutoUpdate|x64.Build.0 = Debug|Any CPU
		{3E369569-F91E-46E1-B66F-2EE7B2312C85}.Development|Any CPU.ActiveCfg = Debug|Any CPU
		{3E369569-F91E-46E1-B66F-2EE7B2312C85}.Development|Any CPU.Build.0 = Debug|Any CPU
		{3E369569-F91E-46E1-B66F-2EE7B2312C85}.Development|x64.ActiveCfg = Debug|Any CPU
		{3E369569-F91E-46E1-B66F-2EE7B2312C85}.Development|x64.Build.0 = Debug|Any CPU
		{3E369569-F91E-46E1-B66F-2EE7B2312C85}.Release|Any CPU.ActiveCfg = Release|Any CPU
		{3E369569-F91E-46E1-B66F-2EE7B2312C85}.Release|Any CPU.Build.0 = Release|Any CPU
		{3E369569-F91E-46E1-B66F-2EE7B2312C85}.Release|x64.ActiveCfg = Release|Any CPU
		{3E369569-F91E-46E1-B66F-2EE7B2312C85}.Release|x64.Build.0 = Release|Any CPU
		{3E369569-F91E-46E1-B66F-2EE7B2312C85}.ReleaseAutoUpdate|Any CPU.ActiveCfg = ReleaseAutoUpdate|Any CPU
		{3E369569-F91E-46E1-B66F-2EE7B2312C85}.ReleaseAutoUpdate|Any CPU.Build.0 = ReleaseAutoUpdate|Any CPU
		{3E369569-F91E-46E1-B66F-2EE7B2312C85}.ReleaseAutoUpdate|x64.ActiveCfg = Release|Any CPU
		{3E369569-F91E-46E1-B66F-2EE7B2312C85}.ReleaseAutoUpdate|x64.Build.0 = Release|Any CPU
		{7C9D0A33-C2A8-4415-B9ED-9F40337DBEC6}.Analyze|Any CPU.ActiveCfg = Analyze|Any CPU
		{7C9D0A33-C2A8-4415-B9ED-9F40337DBEC6}.Analyze|Any CPU.Build.0 = Analyze|Any CPU
		{7C9D0A33-C2A8-4415-B9ED-9F40337DBEC6}.Analyze|x64.ActiveCfg = Release|Any CPU
		{7C9D0A33-C2A8-4415-B9ED-9F40337DBEC6}.Analyze|x64.Build.0 = Release|Any CPU
		{7C9D0A33-C2A8-4415-B9ED-9F40337DBEC6}.Debug|Any CPU.ActiveCfg = Debug|Any CPU
		{7C9D0A33-C2A8-4415-B9ED-9F40337DBEC6}.Debug|Any CPU.Build.0 = Debug|Any CPU
		{7C9D0A33-C2A8-4415-B9ED-9F40337DBEC6}.Debug|x64.ActiveCfg = Debug|Any CPU
		{7C9D0A33-C2A8-4415-B9ED-9F40337DBEC6}.Debug|x64.Build.0 = Debug|Any CPU
		{7C9D0A33-C2A8-4415-B9ED-9F40337DBEC6}.DebugAutoUpdate|Any CPU.ActiveCfg = Debug|Any CPU
		{7C9D0A33-C2A8-4415-B9ED-9F40337DBEC6}.DebugAutoUpdate|Any CPU.Build.0 = Debug|Any CPU
		{7C9D0A33-C2A8-4415-B9ED-9F40337DBEC6}.DebugAutoUpdate|x64.ActiveCfg = Debug|Any CPU
		{7C9D0A33-C2A8-4415-B9ED-9F40337DBEC6}.DebugAutoUpdate|x64.Build.0 = Debug|Any CPU
		{7C9D0A33-C2A8-4415-B9ED-9F40337DBEC6}.Development|Any CPU.ActiveCfg = Debug|Any CPU
		{7C9D0A33-C2A8-4415-B9ED-9F40337DBEC6}.Development|Any CPU.Build.0 = Debug|Any CPU
		{7C9D0A33-C2A8-4415-B9ED-9F40337DBEC6}.Development|x64.ActiveCfg = Debug|Any CPU
		{7C9D0A33-C2A8-4415-B9ED-9F40337DBEC6}.Development|x64.Build.0 = Debug|Any CPU
		{7C9D0A33-C2A8-4415-B9ED-9F40337DBEC6}.Release|Any CPU.ActiveCfg = Debug|Any CPU
		{7C9D0A33-C2A8-4415-B9ED-9F40337DBEC6}.Release|Any CPU.Build.0 = Debug|Any CPU
		{7C9D0A33-C2A8-4415-B9ED-9F40337DBEC6}.Release|x64.ActiveCfg = Release|Any CPU
		{7C9D0A33-C2A8-4415-B9ED-9F40337DBEC6}.Release|x64.Build.0 = Release|Any CPU
		{7C9D0A33-C2A8-4415-B9ED-9F40337DBEC6}.ReleaseAutoUpdate|Any CPU.ActiveCfg = Debug|Any CPU
		{7C9D0A33-C2A8-4415-B9ED-9F40337DBEC6}.ReleaseAutoUpdate|Any CPU.Build.0 = Debug|Any CPU
		{7C9D0A33-C2A8-4415-B9ED-9F40337DBEC6}.ReleaseAutoUpdate|x64.ActiveCfg = Release|Any CPU
		{7C9D0A33-C2A8-4415-B9ED-9F40337DBEC6}.ReleaseAutoUpdate|x64.Build.0 = Release|Any CPU
		{DCBE3437-5DBF-41B4-B854-967BC0C93C48}.Analyze|Any CPU.ActiveCfg = Release|Any CPU
		{DCBE3437-5DBF-41B4-B854-967BC0C93C48}.Analyze|Any CPU.Build.0 = Release|Any CPU
		{DCBE3437-5DBF-41B4-B854-967BC0C93C48}.Analyze|x64.ActiveCfg = Release|Any CPU
		{DCBE3437-5DBF-41B4-B854-967BC0C93C48}.Analyze|x64.Build.0 = Release|Any CPU
		{DCBE3437-5DBF-41B4-B854-967BC0C93C48}.Debug|Any CPU.ActiveCfg = Debug|Any CPU
		{DCBE3437-5DBF-41B4-B854-967BC0C93C48}.Debug|Any CPU.Build.0 = Debug|Any CPU
		{DCBE3437-5DBF-41B4-B854-967BC0C93C48}.Debug|x64.ActiveCfg = Debug|Any CPU
		{DCBE3437-5DBF-41B4-B854-967BC0C93C48}.Debug|x64.Build.0 = Debug|Any CPU
		{DCBE3437-5DBF-41B4-B854-967BC0C93C48}.DebugAutoUpdate|Any CPU.ActiveCfg = Debug|Any CPU
		{DCBE3437-5DBF-41B4-B854-967BC0C93C48}.DebugAutoUpdate|Any CPU.Build.0 = Debug|Any CPU
		{DCBE3437-5DBF-41B4-B854-967BC0C93C48}.DebugAutoUpdate|x64.ActiveCfg = Debug|Any CPU
		{DCBE3437-5DBF-41B4-B854-967BC0C93C48}.DebugAutoUpdate|x64.Build.0 = Debug|Any CPU
		{DCBE3437-5DBF-41B4-B854-967BC0C93C48}.Development|Any CPU.ActiveCfg = Debug|Any CPU
		{DCBE3437-5DBF-41B4-B854-967BC0C93C48}.Development|Any CPU.Build.0 = Debug|Any CPU
		{DCBE3437-5DBF-41B4-B854-967BC0C93C48}.Development|x64.ActiveCfg = Debug|Any CPU
		{DCBE3437-5DBF-41B4-B854-967BC0C93C48}.Development|x64.Build.0 = Debug|Any CPU
		{DCBE3437-5DBF-41B4-B854-967BC0C93C48}.Release|Any CPU.ActiveCfg = Release|Any CPU
		{DCBE3437-5DBF-41B4-B854-967BC0C93C48}.Release|Any CPU.Build.0 = Release|Any CPU
		{DCBE3437-5DBF-41B4-B854-967BC0C93C48}.Release|x64.ActiveCfg = Release|Any CPU
		{DCBE3437-5DBF-41B4-B854-967BC0C93C48}.Release|x64.Build.0 = Release|Any CPU
		{DCBE3437-5DBF-41B4-B854-967BC0C93C48}.ReleaseAutoUpdate|Any CPU.ActiveCfg = Release|Any CPU
		{DCBE3437-5DBF-41B4-B854-967BC0C93C48}.ReleaseAutoUpdate|Any CPU.Build.0 = Release|Any CPU
		{DCBE3437-5DBF-41B4-B854-967BC0C93C48}.ReleaseAutoUpdate|x64.ActiveCfg = Release|Any CPU
		{DCBE3437-5DBF-41B4-B854-967BC0C93C48}.ReleaseAutoUpdate|x64.Build.0 = Release|Any CPU
		{4452DA05-A606-4865-BC9D-D46816851B7D}.Analyze|Any CPU.ActiveCfg = Release|x64
		{4452DA05-A606-4865-BC9D-D46816851B7D}.Analyze|x64.ActiveCfg = Release|x64
		{4452DA05-A606-4865-BC9D-D46816851B7D}.Analyze|x64.Build.0 = Release|x64
		{4452DA05-A606-4865-BC9D-D46816851B7D}.Debug|Any CPU.ActiveCfg = Release|x64
		{4452DA05-A606-4865-BC9D-D46816851B7D}.Debug|x64.ActiveCfg = Release|x64
		{4452DA05-A606-4865-BC9D-D46816851B7D}.Debug|x64.Build.0 = Release|x64
		{4452DA05-A606-4865-BC9D-D46816851B7D}.DebugAutoUpdate|Any CPU.ActiveCfg = Release|x64
		{4452DA05-A606-4865-BC9D-D46816851B7D}.DebugAutoUpdate|x64.ActiveCfg = Release|x64
		{4452DA05-A606-4865-BC9D-D46816851B7D}.DebugAutoUpdate|x64.Build.0 = Release|x64
		{4452DA05-A606-4865-BC9D-D46816851B7D}.Development|Any CPU.ActiveCfg = Release|x64
		{4452DA05-A606-4865-BC9D-D46816851B7D}.Development|Any CPU.Build.0 = Release|x64
		{4452DA05-A606-4865-BC9D-D46816851B7D}.Development|x64.ActiveCfg = Release|x64
		{4452DA05-A606-4865-BC9D-D46816851B7D}.Development|x64.Build.0 = Release|x64
		{4452DA05-A606-4865-BC9D-D46816851B7D}.Release|Any CPU.ActiveCfg = Release|x64
		{4452DA05-A606-4865-BC9D-D46816851B7D}.Release|x64.ActiveCfg = Release|x64
		{4452DA05-A606-4865-BC9D-D46816851B7D}.Release|x64.Build.0 = Release|x64
		{4452DA05-A606-4865-BC9D-D46816851B7D}.ReleaseAutoUpdate|Any CPU.ActiveCfg = Release|x64
		{4452DA05-A606-4865-BC9D-D46816851B7D}.ReleaseAutoUpdate|x64.ActiveCfg = Release|x64
		{4452DA05-A606-4865-BC9D-D46816851B7D}.ReleaseAutoUpdate|x64.Build.0 = Release|x64
		{0E3EF7EB-7F7C-48C2-A507-C979A3C08CCC}.Analyze|Any CPU.ActiveCfg = Analyze|Any CPU
		{0E3EF7EB-7F7C-48C2-A507-C979A3C08CCC}.Analyze|Any CPU.Build.0 = Analyze|Any CPU
		{0E3EF7EB-7F7C-48C2-A507-C979A3C08CCC}.Analyze|x64.ActiveCfg = Release|Any CPU
		{0E3EF7EB-7F7C-48C2-A507-C979A3C08CCC}.Analyze|x64.Build.0 = Release|Any CPU
		{0E3EF7EB-7F7C-48C2-A507-C979A3C08CCC}.Debug|Any CPU.ActiveCfg = Debug|Any CPU
		{0E3EF7EB-7F7C-48C2-A507-C979A3C08CCC}.Debug|Any CPU.Build.0 = Debug|Any CPU
		{0E3EF7EB-7F7C-48C2-A507-C979A3C08CCC}.Debug|x64.ActiveCfg = Debug|Any CPU
		{0E3EF7EB-7F7C-48C2-A507-C979A3C08CCC}.Debug|x64.Build.0 = Debug|Any CPU
		{0E3EF7EB-7F7C-48C2-A507-C979A3C08CCC}.DebugAutoUpdate|Any CPU.ActiveCfg = Debug|Any CPU
		{0E3EF7EB-7F7C-48C2-A507-C979A3C08CCC}.DebugAutoUpdate|Any CPU.Build.0 = Debug|Any CPU
		{0E3EF7EB-7F7C-48C2-A507-C979A3C08CCC}.DebugAutoUpdate|x64.ActiveCfg = Debug|Any CPU
		{0E3EF7EB-7F7C-48C2-A507-C979A3C08CCC}.DebugAutoUpdate|x64.Build.0 = Debug|Any CPU
		{0E3EF7EB-7F7C-48C2-A507-C979A3C08CCC}.Development|Any CPU.ActiveCfg = Debug|Any CPU
		{0E3EF7EB-7F7C-48C2-A507-C979A3C08CCC}.Development|Any CPU.Build.0 = Debug|Any CPU
		{0E3EF7EB-7F7C-48C2-A507-C979A3C08CCC}.Development|x64.ActiveCfg = Debug|Any CPU
		{0E3EF7EB-7F7C-48C2-A507-C979A3C08CCC}.Development|x64.Build.0 = Debug|Any CPU
		{0E3EF7EB-7F7C-48C2-A507-C979A3C08CCC}.Release|Any CPU.ActiveCfg = Release|Any CPU
		{0E3EF7EB-7F7C-48C2-A507-C979A3C08CCC}.Release|Any CPU.Build.0 = Release|Any CPU
		{0E3EF7EB-7F7C-48C2-A507-C979A3C08CCC}.Release|x64.ActiveCfg = Release|Any CPU
		{0E3EF7EB-7F7C-48C2-A507-C979A3C08CCC}.Release|x64.Build.0 = Release|Any CPU
		{0E3EF7EB-7F7C-48C2-A507-C979A3C08CCC}.ReleaseAutoUpdate|Any CPU.ActiveCfg = Release|Any CPU
		{0E3EF7EB-7F7C-48C2-A507-C979A3C08CCC}.ReleaseAutoUpdate|Any CPU.Build.0 = Release|Any CPU
		{0E3EF7EB-7F7C-48C2-A507-C979A3C08CCC}.ReleaseAutoUpdate|x64.ActiveCfg = Release|Any CPU
		{0E3EF7EB-7F7C-48C2-A507-C979A3C08CCC}.ReleaseAutoUpdate|x64.Build.0 = Release|Any CPU
		{4B2892B3-DF25-49BD-9EC5-81FF50BB6D00}.Analyze|Any CPU.ActiveCfg = Analyze|Any CPU
		{4B2892B3-DF25-49BD-9EC5-81FF50BB6D00}.Analyze|Any CPU.Build.0 = Analyze|Any CPU
		{4B2892B3-DF25-49BD-9EC5-81FF50BB6D00}.Analyze|x64.ActiveCfg = Release|Any CPU
		{4B2892B3-DF25-49BD-9EC5-81FF50BB6D00}.Analyze|x64.Build.0 = Release|Any CPU
		{4B2892B3-DF25-49BD-9EC5-81FF50BB6D00}.Debug|Any CPU.ActiveCfg = Debug|Any CPU
		{4B2892B3-DF25-49BD-9EC5-81FF50BB6D00}.Debug|Any CPU.Build.0 = Debug|Any CPU
		{4B2892B3-DF25-49BD-9EC5-81FF50BB6D00}.Debug|x64.ActiveCfg = Debug|Any CPU
		{4B2892B3-DF25-49BD-9EC5-81FF50BB6D00}.Debug|x64.Build.0 = Debug|Any CPU
		{4B2892B3-DF25-49BD-9EC5-81FF50BB6D00}.DebugAutoUpdate|Any CPU.ActiveCfg = Debug|Any CPU
		{4B2892B3-DF25-49BD-9EC5-81FF50BB6D00}.DebugAutoUpdate|Any CPU.Build.0 = Debug|Any CPU
		{4B2892B3-DF25-49BD-9EC5-81FF50BB6D00}.DebugAutoUpdate|x64.ActiveCfg = Debug|Any CPU
		{4B2892B3-DF25-49BD-9EC5-81FF50BB6D00}.DebugAutoUpdate|x64.Build.0 = Debug|Any CPU
		{4B2892B3-DF25-49BD-9EC5-81FF50BB6D00}.Development|Any CPU.ActiveCfg = Debug|Any CPU
		{4B2892B3-DF25-49BD-9EC5-81FF50BB6D00}.Development|Any CPU.Build.0 = Debug|Any CPU
		{4B2892B3-DF25-49BD-9EC5-81FF50BB6D00}.Development|x64.ActiveCfg = Debug|Any CPU
		{4B2892B3-DF25-49BD-9EC5-81FF50BB6D00}.Development|x64.Build.0 = Debug|Any CPU
		{4B2892B3-DF25-49BD-9EC5-81FF50BB6D00}.Release|Any CPU.ActiveCfg = Release|Any CPU
		{4B2892B3-DF25-49BD-9EC5-81FF50BB6D00}.Release|Any CPU.Build.0 = Release|Any CPU
		{4B2892B3-DF25-49BD-9EC5-81FF50BB6D00}.Release|x64.ActiveCfg = Release|Any CPU
		{4B2892B3-DF25-49BD-9EC5-81FF50BB6D00}.Release|x64.Build.0 = Release|Any CPU
		{4B2892B3-DF25-49BD-9EC5-81FF50BB6D00}.ReleaseAutoUpdate|Any CPU.ActiveCfg = Release|Any CPU
		{4B2892B3-DF25-49BD-9EC5-81FF50BB6D00}.ReleaseAutoUpdate|Any CPU.Build.0 = Release|Any CPU
		{4B2892B3-DF25-49BD-9EC5-81FF50BB6D00}.ReleaseAutoUpdate|x64.ActiveCfg = Release|Any CPU
		{4B2892B3-DF25-49BD-9EC5-81FF50BB6D00}.ReleaseAutoUpdate|x64.Build.0 = Release|Any CPU
		{46855AD5-3E47-4A14-85BD-E27A39A5ACC1}.Analyze|Any CPU.ActiveCfg = Analyze|Any CPU
		{46855AD5-3E47-4A14-85BD-E27A39A5ACC1}.Analyze|Any CPU.Build.0 = Analyze|Any CPU
		{46855AD5-3E47-4A14-85BD-E27A39A5ACC1}.Analyze|x64.ActiveCfg = Analyze|Any CPU
		{46855AD5-3E47-4A14-85BD-E27A39A5ACC1}.Analyze|x64.Build.0 = Analyze|Any CPU
		{46855AD5-3E47-4A14-85BD-E27A39A5ACC1}.Debug|Any CPU.ActiveCfg = Debug|Any CPU
		{46855AD5-3E47-4A14-85BD-E27A39A5ACC1}.Debug|Any CPU.Build.0 = Debug|Any CPU
		{46855AD5-3E47-4A14-85BD-E27A39A5ACC1}.Debug|x64.ActiveCfg = Debug|Any CPU
		{46855AD5-3E47-4A14-85BD-E27A39A5ACC1}.Debug|x64.Build.0 = Debug|Any CPU
		{46855AD5-3E47-4A14-85BD-E27A39A5ACC1}.DebugAutoUpdate|Any CPU.ActiveCfg = Debug|Any CPU
		{46855AD5-3E47-4A14-85BD-E27A39A5ACC1}.DebugAutoUpdate|Any CPU.Build.0 = Debug|Any CPU
		{46855AD5-3E47-4A14-85BD-E27A39A5ACC1}.DebugAutoUpdate|x64.ActiveCfg = Debug|Any CPU
		{46855AD5-3E47-4A14-85BD-E27A39A5ACC1}.DebugAutoUpdate|x64.Build.0 = Debug|Any CPU
		{46855AD5-3E47-4A14-85BD-E27A39A5ACC1}.Development|Any CPU.ActiveCfg = Development|Any CPU
		{46855AD5-3E47-4A14-85BD-E27A39A5ACC1}.Development|Any CPU.Build.0 = Development|Any CPU
		{46855AD5-3E47-4A14-85BD-E27A39A5ACC1}.Development|x64.ActiveCfg = Development|Any CPU
		{46855AD5-3E47-4A14-85BD-E27A39A5ACC1}.Development|x64.Build.0 = Development|Any CPU
		{46855AD5-3E47-4A14-85BD-E27A39A5ACC1}.Release|Any CPU.ActiveCfg = Release|Any CPU
		{46855AD5-3E47-4A14-85BD-E27A39A5ACC1}.Release|Any CPU.Build.0 = Release|Any CPU
		{46855AD5-3E47-4A14-85BD-E27A39A5ACC1}.Release|x64.ActiveCfg = Release|Any CPU
		{46855AD5-3E47-4A14-85BD-E27A39A5ACC1}.Release|x64.Build.0 = Release|Any CPU
		{46855AD5-3E47-4A14-85BD-E27A39A5ACC1}.ReleaseAutoUpdate|Any CPU.ActiveCfg = Release|Any CPU
		{46855AD5-3E47-4A14-85BD-E27A39A5ACC1}.ReleaseAutoUpdate|Any CPU.Build.0 = Release|Any CPU
		{46855AD5-3E47-4A14-85BD-E27A39A5ACC1}.ReleaseAutoUpdate|x64.ActiveCfg = Release|Any CPU
		{46855AD5-3E47-4A14-85BD-E27A39A5ACC1}.ReleaseAutoUpdate|x64.Build.0 = Release|Any CPU
		{6B4B9788-F7EF-4A86-95C5-10539796DB57}.Analyze|Any CPU.ActiveCfg = Analyze|Any CPU
		{6B4B9788-F7EF-4A86-95C5-10539796DB57}.Analyze|Any CPU.Build.0 = Analyze|Any CPU
		{6B4B9788-F7EF-4A86-95C5-10539796DB57}.Analyze|x64.ActiveCfg = Analyze|Any CPU
		{6B4B9788-F7EF-4A86-95C5-10539796DB57}.Analyze|x64.Build.0 = Analyze|Any CPU
		{6B4B9788-F7EF-4A86-95C5-10539796DB57}.Debug|Any CPU.ActiveCfg = Debug|Any CPU
		{6B4B9788-F7EF-4A86-95C5-10539796DB57}.Debug|Any CPU.Build.0 = Debug|Any CPU
		{6B4B9788-F7EF-4A86-95C5-10539796DB57}.Debug|x64.ActiveCfg = Debug|Any CPU
		{6B4B9788-F7EF-4A86-95C5-10539796DB57}.Debug|x64.Build.0 = Debug|Any CPU
		{6B4B9788-F7EF-4A86-95C5-10539796DB57}.DebugAutoUpdate|Any CPU.ActiveCfg = Debug|Any CPU
		{6B4B9788-F7EF-4A86-95C5-10539796DB57}.DebugAutoUpdate|Any CPU.Build.0 = Debug|Any CPU
		{6B4B9788-F7EF-4A86-95C5-10539796DB57}.DebugAutoUpdate|x64.ActiveCfg = Debug|Any CPU
		{6B4B9788-F7EF-4A86-95C5-10539796DB57}.DebugAutoUpdate|x64.Build.0 = Debug|Any CPU
		{6B4B9788-F7EF-4A86-95C5-10539796DB57}.Development|Any CPU.ActiveCfg = Development|Any CPU
		{6B4B9788-F7EF-4A86-95C5-10539796DB57}.Development|Any CPU.Build.0 = Development|Any CPU
		{6B4B9788-F7EF-4A86-95C5-10539796DB57}.Development|x64.ActiveCfg = Development|Any CPU
		{6B4B9788-F7EF-4A86-95C5-10539796DB57}.Development|x64.Build.0 = Development|Any CPU
		{6B4B9788-F7EF-4A86-95C5-10539796DB57}.Release|Any CPU.ActiveCfg = Release|Any CPU
		{6B4B9788-F7EF-4A86-95C5-10539796DB57}.Release|Any CPU.Build.0 = Release|Any CPU
		{6B4B9788-F7EF-4A86-95C5-10539796DB57}.Release|x64.ActiveCfg = Release|Any CPU
		{6B4B9788-F7EF-4A86-95C5-10539796DB57}.Release|x64.Build.0 = Release|Any CPU
		{6B4B9788-F7EF-4A86-95C5-10539796DB57}.ReleaseAutoUpdate|Any CPU.ActiveCfg = Release|Any CPU
		{6B4B9788-F7EF-4A86-95C5-10539796DB57}.ReleaseAutoUpdate|Any CPU.Build.0 = Release|Any CPU
		{6B4B9788-F7EF-4A86-95C5-10539796DB57}.ReleaseAutoUpdate|x64.ActiveCfg = Release|Any CPU
		{6B4B9788-F7EF-4A86-95C5-10539796DB57}.ReleaseAutoUpdate|x64.Build.0 = Release|Any CPU
		{A410F220-5F02-418D-B47F-CB82AE4CC058}.Analyze|Any CPU.ActiveCfg = Analyze|Any CPU
		{A410F220-5F02-418D-B47F-CB82AE4CC058}.Analyze|Any CPU.Build.0 = Analyze|Any CPU
		{A410F220-5F02-418D-B47F-CB82AE4CC058}.Analyze|x64.ActiveCfg = Debug|Any CPU
		{A410F220-5F02-418D-B47F-CB82AE4CC058}.Analyze|x64.Build.0 = Debug|Any CPU
		{A410F220-5F02-418D-B47F-CB82AE4CC058}.Debug|Any CPU.ActiveCfg = Debug|Any CPU
		{A410F220-5F02-418D-B47F-CB82AE4CC058}.Debug|Any CPU.Build.0 = Debug|Any CPU
		{A410F220-5F02-418D-B47F-CB82AE4CC058}.Debug|x64.ActiveCfg = Debug|Any CPU
		{A410F220-5F02-418D-B47F-CB82AE4CC058}.Debug|x64.Build.0 = Debug|Any CPU
		{A410F220-5F02-418D-B47F-CB82AE4CC058}.DebugAutoUpdate|Any CPU.ActiveCfg = Debug|Any CPU
		{A410F220-5F02-418D-B47F-CB82AE4CC058}.DebugAutoUpdate|Any CPU.Build.0 = Debug|Any CPU
		{A410F220-5F02-418D-B47F-CB82AE4CC058}.DebugAutoUpdate|x64.ActiveCfg = Debug|Any CPU
		{A410F220-5F02-418D-B47F-CB82AE4CC058}.DebugAutoUpdate|x64.Build.0 = Debug|Any CPU
		{A410F220-5F02-418D-B47F-CB82AE4CC058}.Development|Any CPU.ActiveCfg = Development|Any CPU
		{A410F220-5F02-418D-B47F-CB82AE4CC058}.Development|Any CPU.Build.0 = Development|Any CPU
		{A410F220-5F02-418D-B47F-CB82AE4CC058}.Development|x64.ActiveCfg = Development|Any CPU
		{A410F220-5F02-418D-B47F-CB82AE4CC058}.Development|x64.Build.0 = Development|Any CPU
		{A410F220-5F02-418D-B47F-CB82AE4CC058}.Release|Any CPU.ActiveCfg = Release|Any CPU
		{A410F220-5F02-418D-B47F-CB82AE4CC058}.Release|Any CPU.Build.0 = Release|Any CPU
		{A410F220-5F02-418D-B47F-CB82AE4CC058}.Release|x64.ActiveCfg = Release|Any CPU
		{A410F220-5F02-418D-B47F-CB82AE4CC058}.Release|x64.Build.0 = Release|Any CPU
		{A410F220-5F02-418D-B47F-CB82AE4CC058}.ReleaseAutoUpdate|Any CPU.ActiveCfg = Release|Any CPU
		{A410F220-5F02-418D-B47F-CB82AE4CC058}.ReleaseAutoUpdate|Any CPU.Build.0 = Release|Any CPU
		{A410F220-5F02-418D-B47F-CB82AE4CC058}.ReleaseAutoUpdate|x64.ActiveCfg = Release|Any CPU
		{A410F220-5F02-418D-B47F-CB82AE4CC058}.ReleaseAutoUpdate|x64.Build.0 = Release|Any CPU
		{AFD1642C-7440-4163-AE82-C4371D340516}.Analyze|Any CPU.ActiveCfg = Analyze|Any CPU
		{AFD1642C-7440-4163-AE82-C4371D340516}.Analyze|Any CPU.Build.0 = Analyze|Any CPU
		{AFD1642C-7440-4163-AE82-C4371D340516}.Analyze|x64.ActiveCfg = Analyze|Any CPU
		{AFD1642C-7440-4163-AE82-C4371D340516}.Analyze|x64.Build.0 = Analyze|Any CPU
		{AFD1642C-7440-4163-AE82-C4371D340516}.Debug|Any CPU.ActiveCfg = Debug|Any CPU
		{AFD1642C-7440-4163-AE82-C4371D340516}.Debug|Any CPU.Build.0 = Debug|Any CPU
		{AFD1642C-7440-4163-AE82-C4371D340516}.Debug|x64.ActiveCfg = Debug|Any CPU
		{AFD1642C-7440-4163-AE82-C4371D340516}.Debug|x64.Build.0 = Debug|Any CPU
		{AFD1642C-7440-4163-AE82-C4371D340516}.DebugAutoUpdate|Any CPU.ActiveCfg = Debug|Any CPU
		{AFD1642C-7440-4163-AE82-C4371D340516}.DebugAutoUpdate|Any CPU.Build.0 = Debug|Any CPU
		{AFD1642C-7440-4163-AE82-C4371D340516}.DebugAutoUpdate|x64.ActiveCfg = Debug|Any CPU
		{AFD1642C-7440-4163-AE82-C4371D340516}.DebugAutoUpdate|x64.Build.0 = Debug|Any CPU
		{AFD1642C-7440-4163-AE82-C4371D340516}.Development|Any CPU.ActiveCfg = Development|Any CPU
		{AFD1642C-7440-4163-AE82-C4371D340516}.Development|Any CPU.Build.0 = Development|Any CPU
		{AFD1642C-7440-4163-AE82-C4371D340516}.Development|x64.ActiveCfg = Development|Any CPU
		{AFD1642C-7440-4163-AE82-C4371D340516}.Development|x64.Build.0 = Development|Any CPU
		{AFD1642C-7440-4163-AE82-C4371D340516}.Release|Any CPU.ActiveCfg = Release|Any CPU
		{AFD1642C-7440-4163-AE82-C4371D340516}.Release|Any CPU.Build.0 = Release|Any CPU
		{AFD1642C-7440-4163-AE82-C4371D340516}.Release|x64.ActiveCfg = Release|Any CPU
		{AFD1642C-7440-4163-AE82-C4371D340516}.Release|x64.Build.0 = Release|Any CPU
		{AFD1642C-7440-4163-AE82-C4371D340516}.ReleaseAutoUpdate|Any CPU.ActiveCfg = Release|Any CPU
		{AFD1642C-7440-4163-AE82-C4371D340516}.ReleaseAutoUpdate|Any CPU.Build.0 = Release|Any CPU
		{AFD1642C-7440-4163-AE82-C4371D340516}.ReleaseAutoUpdate|x64.ActiveCfg = Release|Any CPU
		{AFD1642C-7440-4163-AE82-C4371D340516}.ReleaseAutoUpdate|x64.Build.0 = Release|Any CPU
		{6BA98FF6-4EEC-4208-B338-AC026ADFDB6C}.Analyze|Any CPU.ActiveCfg = Analyze|Any CPU
		{6BA98FF6-4EEC-4208-B338-AC026ADFDB6C}.Analyze|Any CPU.Build.0 = Analyze|Any CPU
		{6BA98FF6-4EEC-4208-B338-AC026ADFDB6C}.Analyze|x64.ActiveCfg = Analyze|Any CPU
		{6BA98FF6-4EEC-4208-B338-AC026ADFDB6C}.Analyze|x64.Build.0 = Analyze|Any CPU
		{6BA98FF6-4EEC-4208-B338-AC026ADFDB6C}.Debug|Any CPU.ActiveCfg = Debug|Any CPU
		{6BA98FF6-4EEC-4208-B338-AC026ADFDB6C}.Debug|Any CPU.Build.0 = Debug|Any CPU
		{6BA98FF6-4EEC-4208-B338-AC026ADFDB6C}.Debug|x64.ActiveCfg = Debug|Any CPU
		{6BA98FF6-4EEC-4208-B338-AC026ADFDB6C}.Debug|x64.Build.0 = Debug|Any CPU
		{6BA98FF6-4EEC-4208-B338-AC026ADFDB6C}.DebugAutoUpdate|Any CPU.ActiveCfg = Debug|Any CPU
		{6BA98FF6-4EEC-4208-B338-AC026ADFDB6C}.DebugAutoUpdate|Any CPU.Build.0 = Debug|Any CPU
		{6BA98FF6-4EEC-4208-B338-AC026ADFDB6C}.DebugAutoUpdate|x64.ActiveCfg = Debug|Any CPU
		{6BA98FF6-4EEC-4208-B338-AC026ADFDB6C}.DebugAutoUpdate|x64.Build.0 = Debug|Any CPU
		{6BA98FF6-4EEC-4208-B338-AC026ADFDB6C}.Development|Any CPU.ActiveCfg = Development|Any CPU
		{6BA98FF6-4EEC-4208-B338-AC026ADFDB6C}.Development|Any CPU.Build.0 = Development|Any CPU
		{6BA98FF6-4EEC-4208-B338-AC026ADFDB6C}.Development|x64.ActiveCfg = Development|Any CPU
		{6BA98FF6-4EEC-4208-B338-AC026ADFDB6C}.Development|x64.Build.0 = Development|Any CPU
		{6BA98FF6-4EEC-4208-B338-AC026ADFDB6C}.Release|Any CPU.ActiveCfg = Release|Any CPU
		{6BA98FF6-4EEC-4208-B338-AC026ADFDB6C}.Release|Any CPU.Build.0 = Release|Any CPU
		{6BA98FF6-4EEC-4208-B338-AC026ADFDB6C}.Release|x64.ActiveCfg = Release|Any CPU
		{6BA98FF6-4EEC-4208-B338-AC026ADFDB6C}.Release|x64.Build.0 = Release|Any CPU
		{6BA98FF6-4EEC-4208-B338-AC026ADFDB6C}.ReleaseAutoUpdate|Any CPU.ActiveCfg = Release|Any CPU
		{6BA98FF6-4EEC-4208-B338-AC026ADFDB6C}.ReleaseAutoUpdate|Any CPU.Build.0 = Release|Any CPU
		{6BA98FF6-4EEC-4208-B338-AC026ADFDB6C}.ReleaseAutoUpdate|x64.ActiveCfg = Release|Any CPU
		{6BA98FF6-4EEC-4208-B338-AC026ADFDB6C}.ReleaseAutoUpdate|x64.Build.0 = Release|Any CPU
		{3FFDE25F-2A92-4F1E-AE23-1033AC12C695}.Analyze|Any CPU.ActiveCfg = Analyze|Any CPU
		{3FFDE25F-2A92-4F1E-AE23-1033AC12C695}.Analyze|Any CPU.Build.0 = Analyze|Any CPU
		{3FFDE25F-2A92-4F1E-AE23-1033AC12C695}.Analyze|x64.ActiveCfg = Debug|Any CPU
		{3FFDE25F-2A92-4F1E-AE23-1033AC12C695}.Analyze|x64.Build.0 = Debug|Any CPU
		{3FFDE25F-2A92-4F1E-AE23-1033AC12C695}.Debug|Any CPU.ActiveCfg = Debug|Any CPU
		{3FFDE25F-2A92-4F1E-AE23-1033AC12C695}.Debug|Any CPU.Build.0 = Debug|Any CPU
		{3FFDE25F-2A92-4F1E-AE23-1033AC12C695}.Debug|x64.ActiveCfg = Debug|Any CPU
		{3FFDE25F-2A92-4F1E-AE23-1033AC12C695}.Debug|x64.Build.0 = Debug|Any CPU
		{3FFDE25F-2A92-4F1E-AE23-1033AC12C695}.DebugAutoUpdate|Any CPU.ActiveCfg = Debug|Any CPU
		{3FFDE25F-2A92-4F1E-AE23-1033AC12C695}.DebugAutoUpdate|Any CPU.Build.0 = Debug|Any CPU
		{3FFDE25F-2A92-4F1E-AE23-1033AC12C695}.DebugAutoUpdate|x64.ActiveCfg = Debug|Any CPU
		{3FFDE25F-2A92-4F1E-AE23-1033AC12C695}.DebugAutoUpdate|x64.Build.0 = Debug|Any CPU
		{3FFDE25F-2A92-4F1E-AE23-1033AC12C695}.Development|Any CPU.ActiveCfg = Development|Any CPU
		{3FFDE25F-2A92-4F1E-AE23-1033AC12C695}.Development|Any CPU.Build.0 = Development|Any CPU
		{3FFDE25F-2A92-4F1E-AE23-1033AC12C695}.Development|x64.ActiveCfg = Development|Any CPU
		{3FFDE25F-2A92-4F1E-AE23-1033AC12C695}.Development|x64.Build.0 = Development|Any CPU
		{3FFDE25F-2A92-4F1E-AE23-1033AC12C695}.Release|Any CPU.ActiveCfg = Release|Any CPU
		{3FFDE25F-2A92-4F1E-AE23-1033AC12C695}.Release|Any CPU.Build.0 = Release|Any CPU
		{3FFDE25F-2A92-4F1E-AE23-1033AC12C695}.Release|x64.ActiveCfg = Release|Any CPU
		{3FFDE25F-2A92-4F1E-AE23-1033AC12C695}.Release|x64.Build.0 = Release|Any CPU
		{3FFDE25F-2A92-4F1E-AE23-1033AC12C695}.ReleaseAutoUpdate|Any CPU.ActiveCfg = Release|Any CPU
		{3FFDE25F-2A92-4F1E-AE23-1033AC12C695}.ReleaseAutoUpdate|Any CPU.Build.0 = Release|Any CPU
		{3FFDE25F-2A92-4F1E-AE23-1033AC12C695}.ReleaseAutoUpdate|x64.ActiveCfg = Release|Any CPU
		{3FFDE25F-2A92-4F1E-AE23-1033AC12C695}.ReleaseAutoUpdate|x64.Build.0 = Release|Any CPU
		{6D3D0EA4-AD63-43D9-B3A2-0A9584829901}.Analyze|Any CPU.ActiveCfg = Analyze|Any CPU
		{6D3D0EA4-AD63-43D9-B3A2-0A9584829901}.Analyze|Any CPU.Build.0 = Analyze|Any CPU
		{6D3D0EA4-AD63-43D9-B3A2-0A9584829901}.Analyze|x64.ActiveCfg = Analyze|Any CPU
		{6D3D0EA4-AD63-43D9-B3A2-0A9584829901}.Analyze|x64.Build.0 = Analyze|Any CPU
		{6D3D0EA4-AD63-43D9-B3A2-0A9584829901}.Debug|Any CPU.ActiveCfg = Debug|Any CPU
		{6D3D0EA4-AD63-43D9-B3A2-0A9584829901}.Debug|Any CPU.Build.0 = Debug|Any CPU
		{6D3D0EA4-AD63-43D9-B3A2-0A9584829901}.Debug|x64.ActiveCfg = Debug|Any CPU
		{6D3D0EA4-AD63-43D9-B3A2-0A9584829901}.Debug|x64.Build.0 = Debug|Any CPU
		{6D3D0EA4-AD63-43D9-B3A2-0A9584829901}.DebugAutoUpdate|Any CPU.ActiveCfg = Debug|Any CPU
		{6D3D0EA4-AD63-43D9-B3A2-0A9584829901}.DebugAutoUpdate|Any CPU.Build.0 = Debug|Any CPU
		{6D3D0EA4-AD63-43D9-B3A2-0A9584829901}.DebugAutoUpdate|x64.ActiveCfg = Debug|Any CPU
		{6D3D0EA4-AD63-43D9-B3A2-0A9584829901}.DebugAutoUpdate|x64.Build.0 = Debug|Any CPU
		{6D3D0EA4-AD63-43D9-B3A2-0A9584829901}.Development|Any CPU.ActiveCfg = Development|Any CPU
		{6D3D0EA4-AD63-43D9-B3A2-0A9584829901}.Development|Any CPU.Build.0 = Development|Any CPU
		{6D3D0EA4-AD63-43D9-B3A2-0A9584829901}.Development|x64.ActiveCfg = Development|Any CPU
		{6D3D0EA4-AD63-43D9-B3A2-0A9584829901}.Development|x64.Build.0 = Development|Any CPU
		{6D3D0EA4-AD63-43D9-B3A2-0A9584829901}.Release|Any CPU.ActiveCfg = Release|Any CPU
		{6D3D0EA4-AD63-43D9-B3A2-0A9584829901}.Release|Any CPU.Build.0 = Release|Any CPU
		{6D3D0EA4-AD63-43D9-B3A2-0A9584829901}.Release|x64.ActiveCfg = Release|Any CPU
		{6D3D0EA4-AD63-43D9-B3A2-0A9584829901}.Release|x64.Build.0 = Release|Any CPU
		{6D3D0EA4-AD63-43D9-B3A2-0A9584829901}.ReleaseAutoUpdate|Any CPU.ActiveCfg = Release|Any CPU
		{6D3D0EA4-AD63-43D9-B3A2-0A9584829901}.ReleaseAutoUpdate|Any CPU.Build.0 = Release|Any CPU
		{6D3D0EA4-AD63-43D9-B3A2-0A9584829901}.ReleaseAutoUpdate|x64.ActiveCfg = Release|Any CPU
		{6D3D0EA4-AD63-43D9-B3A2-0A9584829901}.ReleaseAutoUpdate|x64.Build.0 = Release|Any CPU
	EndGlobalSection
	GlobalSection(SolutionProperties) = preSolution
		HideSolutionNode = FALSE
	EndGlobalSection
	GlobalSection(NestedProjects) = preSolution
		{46855AD5-3E47-4A14-85BD-E27A39A5ACC1} = {86C488DC-E003-4A1E-919E-A04960D03479}
		{6B4B9788-F7EF-4A86-95C5-10539796DB57} = {86C488DC-E003-4A1E-919E-A04960D03479}
		{A410F220-5F02-418D-B47F-CB82AE4CC058} = {86C488DC-E003-4A1E-919E-A04960D03479}
		{AFD1642C-7440-4163-AE82-C4371D340516} = {86C488DC-E003-4A1E-919E-A04960D03479}
		{6BA98FF6-4EEC-4208-B338-AC026ADFDB6C} = {86C488DC-E003-4A1E-919E-A04960D03479}
		{3FFDE25F-2A92-4F1E-AE23-1033AC12C695} = {86C488DC-E003-4A1E-919E-A04960D03479}
		{6D3D0EA4-AD63-43D9-B3A2-0A9584829901} = {86C488DC-E003-4A1E-919E-A04960D03479}
	EndGlobalSection
	GlobalSection(ExtensibilityGlobals) = postSolution
		SolutionGuid = {6C0E1053-4340-4A65-8391-B546D52F4098}
	EndGlobalSection
EndGlobal
